{
    "_meta": {
        "hash": {
            "sha256": "0650bd44a5c1c04494e0b07ab8b001d42333823034744be553d033f1b8f8a0f5"
        },
        "pipfile-spec": 6,
        "requires": {},
        "sources": [
            {
                "name": "pypi",
                "url": "https://pypi.python.org/simple",
                "verify_ssl": true
            }
        ]
    },
    "default": {
        "alembic": {
            "hashes": [
                "sha256:85bd3ea7633024e4930900bc64fb58f9742dedbc6ebb6ecf25be2ea9a3c1b32e"
            ],
            "index": "pypi",
            "version": "==0.9.9"
        },
        "click": {
            "hashes": [
                "sha256:29f99fc6125fbc931b758dc053b3114e55c77a6e4c6c3a2674a2dc986016381d",
                "sha256:f15516df478d5a56180fbf80e68f206010e6d160fc39fa508b65e035fd75130b"
            ],
            "index": "pypi",
            "version": "==6.7"
        },
        "dominate": {
            "hashes": [
                "sha256:4b8ce6f33633c9dd9175b228d21c00c801b6bd0327747cd5e17fc2da934c3a69"
            ],
            "index": "pypi",
            "version": "==2.3.1"
        },
        "flask": {
            "hashes": [
                "sha256:2271c0070dbcb5275fad4a82e29f23ab92682dc45f9dfbc22c02ba9b9322ce48",
                "sha256:a080b744b7e345ccfcbc77954861cb05b3c63786e93f2b3875e0913d44b43f05"
            ],
            "index": "pypi",
            "version": "==1.0.2"
        },
        "flask-bootstrap": {
            "hashes": [
                "sha256:cb08ed940183f6343a64e465e83b3a3f13c53e1baabb8d72b5da4545ef123ac8"
            ],
            "index": "pypi",
            "version": "==3.3.7.1"
        },
        "flask-login": {
            "hashes": [
                "sha256:c815c1ac7b3e35e2081685e389a665f2c74d7e077cb93cecabaea352da4752ec"
            ],
            "index": "pypi",
            "version": "==0.4.1"
        },
        "flask-migrate": {
            "hashes": [
                "sha256:83ebc105f87357ddd3968f83510d2b1092f006660b1c6ba07a4efce036ca567d",
                "sha256:cd1b4e6cb829eeb41c02ad9202d83bef5f4b7a036dd9fad72ce96ad1e22efb07"
            ],
            "index": "pypi",
            "version": "==2.2.1"
        },
        "flask-moment": {
            "hashes": [
                "sha256:71a601fcd5be4742227251641cb706c109680b54c5fb25c5d2ed96e576ec3b4d",
                "sha256:af7ccd599d85e751ff1f7661904daa51df9950e9bc9bd4ccf174bd38ccbc401f"
            ],
            "index": "pypi",
            "version": "==0.6.0"
        },
        "flask-script": {
            "hashes": [
                "sha256:6425963d91054cfcc185807141c7314a9c5ad46325911bd24dcb489bd0161c65"
            ],
            "index": "pypi",
            "version": "==2.0.6"
        },
        "flask-sqlalchemy": {
            "hashes": [
                "sha256:3bc0fac969dd8c0ace01b32060f0c729565293302f0c4269beed154b46bec50b",
                "sha256:5971b9852b5888655f11db634e87725a9031e170f37c0ce7851cf83497f56e53"
            ],
            "index": "pypi",
            "version": "==2.3.2"
        },
        "flask-wtf": {
            "hashes": [
                "sha256:5d14d55cfd35f613d99ee7cba0fc3fbbe63ba02f544d349158c14ca15561cc36",
                "sha256:d9a9e366b32dcbb98ef17228e76be15702cd2600675668bca23f63a7947fd5ac"
            ],
            "index": "pypi",
            "version": "==0.14.2"
        },
        "itsdangerous": {
            "hashes": [
                "sha256:cbb3fcf8d3e33df861709ecaf89d9e6629cff0a217bc2848f1b41cd30d360519"
            ],
            "index": "pypi",
            "version": "==0.24"
        },
        "jinja2": {
            "hashes": [
                "sha256:74c935a1b8bb9a3947c50a54766a969d4846290e1e788ea44c1392163723c3bd",
                "sha256:f84be1bb0040caca4cea721fcbbbbd61f9be9464ca236387158b0feea01914a4"
            ],
            "index": "pypi",
            "version": "==2.10"
        },
        "ldap3": {
            "hashes": [
                "sha256:cc09951809678cfb693a13a6011dd2d48ada60a52bd80cb4bd7dcc55ee7c02fd"
            ],
            "index": "pypi",
            "version": "==2.5.1"
        },
        "mako": {
            "hashes": [
                "sha256:4e02fde57bd4abb5ec400181e4c314f56ac3e49ba4fb8b0d50bba18cb27d25ae"
            ],
            "index": "pypi",
            "version": "==1.0.7"
        },
        "markupsafe": {
            "hashes": [
                "sha256:a6be69091dac236ea9c6bc7d012beab42010fa914c459791d627dad4910eb665"
            ],
            "index": "pypi",
            "version": "==1.0"
        },
        "psycopg2": {
            "hashes": [
                "sha256:09cb52215db4a8c68a765f2da33fafbd049e7611cb70708ff8c5f7a3c89ce364",
                "sha256:0cf35f41d1c87b01ce0b3cb0b88d64285a2c9bf95c1f5299ae9dcaa6fdd8c66c",
                "sha256:0d9f8043c3d2262a7ad2d8cf8dfd2630b12207e69b829b6f4092e47556a3f572",
                "sha256:267814317483571e637a32d15d71ef6c8e3b05a2ecba97b2b0d71fa7ea9eb1f5",
                "sha256:2c1d3c0e4c929f1401879cb5ce9a043afce85255f9439bd7cebaf025149c5a20",
                "sha256:5515581466f1a7aa74f7b435311bdbd686b2f2dda4f0c7c95f802c444b05eda9",
                "sha256:6acf9abbbe757ef75dc2ecd9d91ba749547941abaffbe69ff2086a9e37d4904c",
                "sha256:6d196184d1e8b140bc5af1d5eeda8aeed26a241317d8860992e83e8acefa6177",
                "sha256:7ccbe6665535bc0cc13c83dab71b424bde0999f5f0a69b29b557ecc41cd0f8dc",
                "sha256:d9468943b49c798d3fada2e76dd59832eb786e0b0196a108de7ed3aae3ca16c1",
                "sha256:fe8446b2f680a99ac114af2c90f8b69e56052ff4d2359c510a8dc61d252ac325"
            ],
            "index": "pypi",
            "version": "==2.6.1"
        },
        "pyasn1": {
            "hashes": [
                "sha256:b9d3abc5031e61927c82d4d96c1cec1e55676c1a991623cfed28faea73cdd7ca",
                "sha256:f58f2a3d12fd754aa123e9fa74fb7345333000a035f3921dbdaa08597aa53137"
            ],
            "version": "==0.4.4"
        },
        "python-dateutil": {
            "hashes": [
                "sha256:1adb80e7a782c12e52ef9a8182bebeb73f1d7e24e374397af06fb4956c8dc5c0",
                "sha256:e27001de32f627c22380a688bcc43ce83504a7bc5da472209b4c70f02829f0b8"
            ],
            "index": "pypi",
            "version": "==2.7.3"
        },
        "python-dotenv": {
            "hashes": [
                "sha256:122290a38ece9fe4f162dc7c95cae3357b983505830a154d3c98ef7f6c6cea77",
                "sha256:4a205787bc829233de2a823aa328e44fd9996fedb954989a21f1fc67c13d7a77"
            ],
            "index": "pypi",
            "version": "==0.9.1"
        },
        "python-editor": {
            "hashes": [
                "sha256:a3c066acee22a1c94f63938341d4fb374e3fdd69366ed6603d7b24bed1efc565"
            ],
            "index": "pypi",
            "version": "==1.0.3"
        },
        "six": {
            "hashes": [
                "sha256:70e8a77beed4562e7f14fe23a786b54f6296e34344c23bc42f07b15018ff98e9",
                "sha256:832dc0e10feb1aa2c68dcc57dbb658f1c7e65b9b61af69048abc87a2db00a0eb"
            ],
            "index": "pypi",
            "version": "==1.11.0"
        },
        "sqlalchemy": {
            "hashes": [
                "sha256:2d5f08f714a886a1382c18be501e614bce50d362384dc089474019ce0768151c"
            ],
            "index": "pypi",
            "version": "==1.2.8"
        },
        "virtualenv": {
            "hashes": [
                "sha256:aabc8ef18cddbd8a2a9c7f92bc43e2fea54b1147330d65db920ef3ce9812e3dc",
                "sha256:f74a5943a9005c1e897bcf87f7e8af7e00c06fa9777b9ad691f69f9fa54a87d8"
            ],
            "index": "pypi",
            "version": "==13.1.2"
        },
        "visitor": {
            "hashes": [
                "sha256:2c737903b2b6864ebc6167eef7cf3b997126f1aa94bdf590f90f1436d23e480a"
            ],
            "index": "pypi",
            "version": "==0.1.3"
        },
        "werkzeug": {
            "hashes": [
                "sha256:c3fd7a7d41976d9f44db327260e263132466836cef6f91512889ed60ad26557c",
                "sha256:d5da73735293558eb1651ee2fddc4d0dedcfa06538b8813a2e20011583c9e49b"
            ],
            "index": "pypi",
            "version": "==0.14.1"
        },
        "wtforms": {
            "hashes": [
                "sha256:0cdbac3e7f6878086c334aa25dc5a33869a3954e9d1e015130d65a69309b3b61",
                "sha256:e3ee092c827582c50877cdbd49e9ce6d2c5c1f6561f849b3b068c1b8029626f1"
            ],
            "index": "pypi",
            "version": "==2.2.1"
        }
    },
    "develop": {}
}
